{
  "name": "sicoob-styles",
  "lockfileVersion": 3,
  "requires": true,
  "packages": {
    "": {
      "dependencies": {
        "@sicoob/ds-web": "^0.0.0-41"
      }
    },
    "node_modules/@sicoob/ds-web": {
      "version": "0.0.0-41",
      "resolved": "http://nexus.sicoob.com.br/repository/sicoob-npm-releases/@sicoob/ds-web/-/ds-web-0.0.0-41.tgz",
      "integrity": "sha512-aIGnQOi1kjbg0dt6GPJ7nbtXlX6ywk1HyC/RFQ032PgGDx/NexJto2qo8Zv9iN8xLKjvZk50eHRfN64KOac5fg=="
    }
  }
}
